
Microsoft Visual Studio Solution File, Format Version 12.00
# Visual Studio Version 17
VisualStudioVersion = 17.14.36408.4 d17.14
MinimumVisualStudioVersion = 10.0.40219.1
Project("{FAE04EC0-301F-11D3-BF4B-00C04F79EFBC}") = "Internship-Project", "Internship-Project.csproj", "{55E38886-767D-4DB5-B926-0DCD0D143733}"
EndProject
Global
	GlobalSection(SolutionConfigurationPlatforms) = preSolution
		Debug|Any CPU = Debug|Any CPU
		Release|Any CPU = Release|Any CPU
	EndGlobalSection
	GlobalSection(ProjectConfigurationPlatforms) = postSolution
		{55E38886-767D-4DB5-B926-0DCD0D143733}.Debug|Any CPU.ActiveCfg = Debug|Any CPU
		{55E38886-767D-4DB5-B926-0DCD0D143733}.Debug|Any CPU.Build.0 = Debug|Any CPU
		{55E38886-767D-4DB5-B926-0DCD0D143733}.Release|Any CPU.ActiveCfg = Release|Any CPU
		{55E38886-767D-4DB5-B926-0DCD0D143733}.Release|Any CPU.Build.0 = Release|Any CPU
	EndGlobalSection
	GlobalSection(SolutionProperties) = preSolution
		HideSolutionNode = FALSE
	EndGlobalSection
	GlobalSection(ExtensibilityGlobals) = postSolution
		SolutionGuid = {9EA425DF-87D7-4D0A-923E-98C2FB02282D}
	EndGlobalSection
EndGlobal
